
Microsoft Visual Studio Solution File, Format Version 12.00
# Visual Studio Version 17
VisualStudioVersion = 17.0.32112.339
MinimumVisualStudioVersion = 10.0.40219.1
Project("{FAE04EC0-301F-11D3-BF4B-00C04F79EFBC}") = "ThePlatformPlatformerGame", "ThePlatformPlatformerGame\ThePlatformPlatformerGame.csproj", "{3E4BFF5C-4557-44DF-8A1A-FF6D12A6BD96}"
EndProject
Global
	GlobalSection(SolutionConfigurationPlatforms) = preSolution
		Debug|Any CPU = Debug|Any CPU
		Release|Any CPU = Release|Any CPU
	EndGlobalSection
	GlobalSection(ProjectConfigurationPlatforms) = postSolution
		{3E4BFF5C-4557-44DF-8A1A-FF6D12A6BD96}.Debug|Any CPU.ActiveCfg = Debug|Any CPU
		{3E4BFF5C-4557-44DF-8A1A-FF6D12A6BD96}.Debug|Any CPU.Build.0 = Debug|Any CPU
		{3E4BFF5C-4557-44DF-8A1A-FF6D12A6BD96}.Release|Any CPU.ActiveCfg = Release|Any CPU
		{3E4BFF5C-4557-44DF-8A1A-FF6D12A6BD96}.Release|Any CPU.Build.0 = Release|Any CPU
	EndGlobalSection
	GlobalSection(SolutionProperties) = preSolution
		HideSolutionNode = FALSE
	EndGlobalSection
	GlobalSection(ExtensibilityGlobals) = postSolution
		SolutionGuid = {BE57DDF8-1AB7-4A4C-A6CC-BF48F38350CB}
	EndGlobalSection
EndGlobal
